
Microsoft Visual Studio Solution File, Format Version 12.00
# Visual Studio Version 17
VisualStudioVersion = 17.9.34701.34
MinimumVisualStudioVersion = 10.0.40219.1
Project("{FAE04EC0-301F-11D3-BF4B-00C04F79EFBC}") = "formluř data", "formluř data\formluř data.csproj", "{309F81BA-FCC9-4491-9436-050A929F6D46}"
EndProject
Global
	GlobalSection(SolutionConfigurationPlatforms) = preSolution
		Debug|Any CPU = Debug|Any CPU
		Release|Any CPU = Release|Any CPU
	EndGlobalSection
	GlobalSection(ProjectConfigurationPlatforms) = postSolution
		{309F81BA-FCC9-4491-9436-050A929F6D46}.Debug|Any CPU.ActiveCfg = Debug|Any CPU
		{309F81BA-FCC9-4491-9436-050A929F6D46}.Debug|Any CPU.Build.0 = Debug|Any CPU
		{309F81BA-FCC9-4491-9436-050A929F6D46}.Release|Any CPU.ActiveCfg = Release|Any CPU
		{309F81BA-FCC9-4491-9436-050A929F6D46}.Release|Any CPU.Build.0 = Release|Any CPU
	EndGlobalSection
	GlobalSection(SolutionProperties) = preSolution
		HideSolutionNode = FALSE
	EndGlobalSection
	GlobalSection(ExtensibilityGlobals) = postSolution
		SolutionGuid = {B495D37B-B1DB-4CC1-AE14-1DCAF9602DB4}
	EndGlobalSection
EndGlobal
